
Microsoft Visual Studio Solution File, Format Version 12.00
# Visual Studio Version 17
VisualStudioVersion = 17.7.34031.279
MinimumVisualStudioVersion = 10.0.40219.1
Project("{2150E333-8FDC-42A3-9474-1A3956D46DE8}") = "src", "src", "{B476D8FD-AA62-44A3-B0D5-4E92B406F9FC}"
EndProject
Project("{2150E333-8FDC-42A3-9474-1A3956D46DE8}") = "core", "core", "{12A14F09-2BA6-471A-854B-BFDEC1E83E33}"
EndProject
Project("{FAE04EC0-301F-11D3-BF4B-00C04F79EFBC}") = "Payment.Domain", "Payment.Domain\Payment.Domain.csproj", "{11E997EA-4D56-4786-B60D-5DB64C5E6943}"
EndProject
Project("{FAE04EC0-301F-11D3-BF4B-00C04F79EFBC}") = "Payment.Application", "Payment.Application\Payment.Application.csproj", "{4C1DF523-86F1-4BCD-8044-E41C22E769E5}"
EndProject
Project("{2150E333-8FDC-42A3-9474-1A3956D46DE8}") = "infras", "infras", "{EAC502F7-E8EB-461A-A38C-D28E6F4A65BD}"
EndProject
Project("{FAE04EC0-301F-11D3-BF4B-00C04F79EFBC}") = "Payment.Persistence", "..\Payment.Persistence\Payment.Persistence.csproj", "{BFB01C6E-3633-4CA9-99AC-ADE0080093BA}"
EndProject
Project("{2150E333-8FDC-42A3-9474-1A3956D46DE8}") = "pre", "pre", "{9A6AB326-40D6-4757-BBCE-9E7D4FB1DE93}"
EndProject
Project("{FAE04EC0-301F-11D3-BF4B-00C04F79EFBC}") = "Payment.Api", "src\pre\Payment.Api\Payment.Api.csproj", "{42C84BE7-6232-4992-A7AB-D3DAF8776F09}"
EndProject
Project("{2150E333-8FDC-42A3-9474-1A3956D46DE8}") = "Shared", "Shared", "{5E729B9E-0D2F-4D95-8DD0-90F52B3278BF}"
EndProject
Project("{FAE04EC0-301F-11D3-BF4B-00C04F79EFBC}") = "Payment.Ultils", "src\shared\Payment.Ultils\Payment.Ultils.csproj", "{8519DCDB-B488-4486-9A6F-4FD5A269D825}"
EndProject
Global
	GlobalSection(SolutionConfigurationPlatforms) = preSolution
		Debug|Any CPU = Debug|Any CPU
		Release|Any CPU = Release|Any CPU
	EndGlobalSection
	GlobalSection(ProjectConfigurationPlatforms) = postSolution
		{11E997EA-4D56-4786-B60D-5DB64C5E6943}.Debug|Any CPU.ActiveCfg = Debug|Any CPU
		{11E997EA-4D56-4786-B60D-5DB64C5E6943}.Debug|Any CPU.Build.0 = Debug|Any CPU
		{11E997EA-4D56-4786-B60D-5DB64C5E6943}.Release|Any CPU.ActiveCfg = Release|Any CPU
		{11E997EA-4D56-4786-B60D-5DB64C5E6943}.Release|Any CPU.Build.0 = Release|Any CPU
		{4C1DF523-86F1-4BCD-8044-E41C22E769E5}.Debug|Any CPU.ActiveCfg = Debug|Any CPU
		{4C1DF523-86F1-4BCD-8044-E41C22E769E5}.Debug|Any CPU.Build.0 = Debug|Any CPU
		{4C1DF523-86F1-4BCD-8044-E41C22E769E5}.Release|Any CPU.ActiveCfg = Release|Any CPU
		{4C1DF523-86F1-4BCD-8044-E41C22E769E5}.Release|Any CPU.Build.0 = Release|Any CPU
		{BFB01C6E-3633-4CA9-99AC-ADE0080093BA}.Debug|Any CPU.ActiveCfg = Debug|Any CPU
		{BFB01C6E-3633-4CA9-99AC-ADE0080093BA}.Debug|Any CPU.Build.0 = Debug|Any CPU
		{BFB01C6E-3633-4CA9-99AC-ADE0080093BA}.Release|Any CPU.ActiveCfg = Release|Any CPU
		{BFB01C6E-3633-4CA9-99AC-ADE0080093BA}.Release|Any CPU.Build.0 = Release|Any CPU
		{42C84BE7-6232-4992-A7AB-D3DAF8776F09}.Debug|Any CPU.ActiveCfg = Debug|Any CPU
		{42C84BE7-6232-4992-A7AB-D3DAF8776F09}.Debug|Any CPU.Build.0 = Debug|Any CPU
		{42C84BE7-6232-4992-A7AB-D3DAF8776F09}.Release|Any CPU.ActiveCfg = Release|Any CPU
		{42C84BE7-6232-4992-A7AB-D3DAF8776F09}.Release|Any CPU.Build.0 = Release|Any CPU
		{8519DCDB-B488-4486-9A6F-4FD5A269D825}.Debug|Any CPU.ActiveCfg = Debug|Any CPU
		{8519DCDB-B488-4486-9A6F-4FD5A269D825}.Debug|Any CPU.Build.0 = Debug|Any CPU
		{8519DCDB-B488-4486-9A6F-4FD5A269D825}.Release|Any CPU.ActiveCfg = Release|Any CPU
		{8519DCDB-B488-4486-9A6F-4FD5A269D825}.Release|Any CPU.Build.0 = Release|Any CPU
	EndGlobalSection
	GlobalSection(SolutionProperties) = preSolution
		HideSolutionNode = FALSE
	EndGlobalSection
	GlobalSection(NestedProjects) = preSolution
		{12A14F09-2BA6-471A-854B-BFDEC1E83E33} = {B476D8FD-AA62-44A3-B0D5-4E92B406F9FC}
		{11E997EA-4D56-4786-B60D-5DB64C5E6943} = {12A14F09-2BA6-471A-854B-BFDEC1E83E33}
		{4C1DF523-86F1-4BCD-8044-E41C22E769E5} = {12A14F09-2BA6-471A-854B-BFDEC1E83E33}
		{EAC502F7-E8EB-461A-A38C-D28E6F4A65BD} = {B476D8FD-AA62-44A3-B0D5-4E92B406F9FC}
		{BFB01C6E-3633-4CA9-99AC-ADE0080093BA} = {EAC502F7-E8EB-461A-A38C-D28E6F4A65BD}
		{9A6AB326-40D6-4757-BBCE-9E7D4FB1DE93} = {B476D8FD-AA62-44A3-B0D5-4E92B406F9FC}
		{42C84BE7-6232-4992-A7AB-D3DAF8776F09} = {9A6AB326-40D6-4757-BBCE-9E7D4FB1DE93}
		{5E729B9E-0D2F-4D95-8DD0-90F52B3278BF} = {B476D8FD-AA62-44A3-B0D5-4E92B406F9FC}
		{8519DCDB-B488-4486-9A6F-4FD5A269D825} = {5E729B9E-0D2F-4D95-8DD0-90F52B3278BF}
	EndGlobalSection
	GlobalSection(ExtensibilityGlobals) = postSolution
		SolutionGuid = {C559F83A-A066-4507-B2C5-3BF8485951F1}
	EndGlobalSection
EndGlobal
